
Microsoft Visual Studio Solution File, Format Version 12.00
# Visual Studio Version 17
VisualStudioVersion = 17.0.32112.339
MinimumVisualStudioVersion = 10.0.40219.1
Project("{FAE04EC0-301F-11D3-BF4B-00C04F79EFBC}") = "host_app", "host_app\host_app.csproj", "{34E2E3F4-D6F7-444C-8CB5-A3616A88A635}"
EndProject
Global
	GlobalSection(SolutionConfigurationPlatforms) = preSolution
		Debug|Any CPU = Debug|Any CPU
		Release|Any CPU = Release|Any CPU
	EndGlobalSection
	GlobalSection(ProjectConfigurationPlatforms) = postSolution
		{34E2E3F4-D6F7-444C-8CB5-A3616A88A635}.Debug|Any CPU.ActiveCfg = Debug|Any CPU
		{34E2E3F4-D6F7-444C-8CB5-A3616A88A635}.Debug|Any CPU.Build.0 = Debug|Any CPU
		{34E2E3F4-D6F7-444C-8CB5-A3616A88A635}.Release|Any CPU.ActiveCfg = Release|Any CPU
		{34E2E3F4-D6F7-444C-8CB5-A3616A88A635}.Release|Any CPU.Build.0 = Release|Any CPU
	EndGlobalSection
	GlobalSection(SolutionProperties) = preSolution
		HideSolutionNode = FALSE
	EndGlobalSection
	GlobalSection(ExtensibilityGlobals) = postSolution
		SolutionGuid = {37391566-444F-4CFA-A3BC-FB404E9B9257}
	EndGlobalSection
EndGlobal
